// !$*UTF8*$!
{
	archiveVersion = 1;
	classes = {
	};
	objectVersion = 46;
	objects = {

/* Begin PBXBuildFile section */
		3D55D5A51E56CEA3005F7AE1 /* AppDelegate.swift in Sources */ = {isa = PBXBuildFile; fileRef = 3D55D5A41E56CEA3005F7AE1 /* AppDelegate.swift */; };
		3D55D5A71E56CEA3005F7AE1 /* ViewController.swift in Sources */ = {isa = PBXBuildFile; fileRef = 3D55D5A61E56CEA3005F7AE1 /* ViewController.swift */; };
		3D55D5AA1E56CEA3005F7AE1 /* Main.storyboard in Resources */ = {isa = PBXBuildFile; fileRef = 3D55D5A81E56CEA3005F7AE1 /* Main.storyboard */; };
		3D55D5AC1E56CEA3005F7AE1 /* Assets.xcassets in Resources */ = {isa = PBXBuildFile; fileRef = 3D55D5AB1E56CEA3005F7AE1 /* Assets.xcassets */; };
		3D55D5AF1E56CEA3005F7AE1 /* LaunchScreen.storyboard in Resources */ = {isa = PBXBuildFile; fileRef = 3D55D5AD1E56CEA3005F7AE1 /* LaunchScreen.storyboard */; };
		3D55D5BA1E56DFD9005F7AE1 /* mercury_450_ko.jpg in Resources */ = {isa = PBXBuildFile; fileRef = 3D55D5B71E56DFD9005F7AE1 /* mercury_450_ko.jpg */; };
		3D55D5BB1E56DFD9005F7AE1 /* mercury_640_ko.png in Resources */ = {isa = PBXBuildFile; fileRef = 3D55D5B81E56DFD9005F7AE1 /* mercury_640_ko.png */; };
		3D55D5BC1E56DFD9005F7AE1 /* mercury_960_ko.jpg in Resources */ = {isa = PBXBuildFile; fileRef = 3D55D5B91E56DFD9005F7AE1 /* mercury_960_ko.jpg */; };
		3D55D5BF1E5A9132005F7AE1 /* mp4sample.mp4 in Resources */ = {isa = PBXBuildFile; fileRef = 3D55D5BE1E5A9132005F7AE1 /* mp4sample.mp4 */; };
/* End PBXBuildFile section */

/* Begin PBXFileReference section */
		3D55D5A11E56CEA3005F7AE1 /* SharingTutorial Swift.app */ = {isa = PBXFileReference; explicitFileType = wrapper.application; includeInIndex = 0; path = "SharingTutorial Swift.app"; sourceTree = BUILT_PRODUCTS_DIR; };
		3D55D5A41E56CEA3005F7AE1 /* AppDelegate.swift */ = {isa = PBXFileReference; lastKnownFileType = sourcecode.swift; path = AppDelegate.swift; sourceTree = "<group>"; };
		3D55D5A61E56CEA3005F7AE1 /* ViewController.swift */ = {isa = PBXFileReference; lastKnownFileType = sourcecode.swift; path = ViewController.swift; sourceTree = "<group>"; };
		3D55D5A91E56CEA3005F7AE1 /* Base */ = {isa = PBXFileReference; lastKnownFileType = file.storyboard; name = Base; path = Base.lproj/Main.storyboard; sourceTree = "<group>"; };
		3D55D5AB1E56CEA3005F7AE1 /* Assets.xcassets */ = {isa = PBXFileReference; lastKnownFileType = folder.assetcatalog; path = Assets.xcassets; sourceTree = "<group>"; };
		3D55D5AE1E56CEA3005F7AE1 /* Base */ = {isa = PBXFileReference; lastKnownFileType = file.storyboard; name = Base; path = Base.lproj/LaunchScreen.storyboard; sourceTree = "<group>"; };
		3D55D5B01E56CEA3005F7AE1 /* Info.plist */ = {isa = PBXFileReference; lastKnownFileType = text.plist.xml; path = Info.plist; sourceTree = "<group>"; };
		3D55D5B71E56DFD9005F7AE1 /* mercury_450_ko.jpg */ = {isa = PBXFileReference; lastKnownFileType = image.jpeg; path = mercury_450_ko.jpg; sourceTree = "<group>"; };
		3D55D5B81E56DFD9005F7AE1 /* mercury_640_ko.png */ = {isa = PBXFileReference; lastKnownFileType = image.png; path = mercury_640_ko.png; sourceTree = "<group>"; };
		3D55D5B91E56DFD9005F7AE1 /* mercury_960_ko.jpg */ = {isa = PBXFileReference; lastKnownFileType = image.jpeg; path = mercury_960_ko.jpg; sourceTree = "<group>"; };
		3D55D5BE1E5A9132005F7AE1 /* mp4sample.mp4 */ = {isa = PBXFileReference; lastKnownFileType = file; path = mp4sample.mp4; sourceTree = "<group>"; };
/* End PBXFileReference section */

/* Begin PBXFrameworksBuildPhase section */
		3D55D59E1E56CEA3005F7AE1 /* Frameworks */ = {
			isa = PBXFrameworksBuildPhase;
			buildActionMask = 2147483647;
			files = (
			);
			runOnlyForDeploymentPostprocessing = 0;
		};
/* End PBXFrameworksBuildPhase section */

/* Begin PBXGroup section */
		3D55D5981E56CEA3005F7AE1 = {
			isa = PBXGroup;
			children = (
				3D55D5A31E56CEA3005F7AE1 /* SharingTutorial Swift */,
				3D55D5A21E56CEA3005F7AE1 /* Products */,
			);
			sourceTree = "<group>";
		};
		3D55D5A21E56CEA3005F7AE1 /* Products */ = {
			isa = PBXGroup;
			children = (
				3D55D5A11E56CEA3005F7AE1 /* SharingTutorial Swift.app */,
			);
			name = Products;
			sourceTree = "<group>";
		};
		3D55D5A31E56CEA3005F7AE1 /* SharingTutorial Swift */ = {
			isa = PBXGroup;
			children = (
				3D55D5BD1E5A9132005F7AE1 /* VideoResource */,
				3D55D5B61E56DFD9005F7AE1 /* ImageResource */,
				3D55D5A41E56CEA3005F7AE1 /* AppDelegate.swift */,
				3D55D5A61E56CEA3005F7AE1 /* ViewController.swift */,
				3D55D5A81E56CEA3005F7AE1 /* Main.storyboard */,
				3D55D5AB1E56CEA3005F7AE1 /* Assets.xcassets */,
				3D55D5AD1E56CEA3005F7AE1 /* LaunchScreen.storyboard */,
				3D55D5B01E56CEA3005F7AE1 /* Info.plist */,
			);
			path = "SharingTutorial Swift";
			sourceTree = "<group>";
		};
		3D55D5B61E56DFD9005F7AE1 /* ImageResource */ = {
			isa = PBXGroup;
			children = (
				3D55D5B71E56DFD9005F7AE1 /* mercury_450_ko.jpg */,
				3D55D5B81E56DFD9005F7AE1 /* mercury_640_ko.png */,
				3D55D5B91E56DFD9005F7AE1 /* mercury_960_ko.jpg */,
			);
			path = ImageResource;
			sourceTree = "<group>";
		};
		3D55D5BD1E5A9132005F7AE1 /* VideoResource */ = {
			isa = PBXGroup;
			children = (
				3D55D5BE1E5A9132005F7AE1 /* mp4sample.mp4 */,
			);
			path = VideoResource;
			sourceTree = "<group>";
		};
/* End PBXGroup section */

/* Begin PBXNativeTarget section */
		3D55D5A01E56CEA3005F7AE1 /* SharingTutorial Swift */ = {
			isa = PBXNativeTarget;
			buildConfigurationList = 3D55D5B31E56CEA3005F7AE1 /* Build configuration list for PBXNativeTarget "SharingTutorial Swift" */;
			buildPhases = (
				3D55D59D1E56CEA3005F7AE1 /* Sources */,
				3D55D59E1E56CEA3005F7AE1 /* Frameworks */,
				3D55D59F1E56CEA3005F7AE1 /* Resources */,
			);
			buildRules = (
			);
			dependencies = (
			);
			name = "SharingTutorial Swift";
			productName = "SharingTutorial Swift";
			productReference = 3D55D5A11E56CEA3005F7AE1 /* SharingTutorial Swift.app */;
			productType = "com.apple.product-type.application";
		};
/* End PBXNativeTarget section */

/* Begin PBXProject section */
		3D55D5991E56CEA3005F7AE1 /* Project object */ = {
			isa = PBXProject;
			attributes = {
				LastSwiftUpdateCheck = 0820;
				LastUpgradeCheck = 0820;
				ORGANIZATIONNAME = "KyuJin Kim";
				TargetAttributes = {
					3D55D5A01E56CEA3005F7AE1 = {
						CreatedOnToolsVersion = 8.2.1;
						DevelopmentTeam = MMVTCXSS58;
						ProvisioningStyle = Automatic;
					};
				};
			};
			buildConfigurationList = 3D55D59C1E56CEA3005F7AE1 /* Build configuration list for PBXProject "SharingTutorial Swift" */;
			compatibilityVersion = "Xcode 3.2";
			developmentRegion = English;
			hasScannedForEncodings = 0;
			knownRegions = (
				en,
				Base,
			);
			mainGroup = 3D55D5981E56CEA3005F7AE1;
			productRefGroup = 3D55D5A21E56CEA3005F7AE1 /* Products */;
			projectDirPath = "";
			projectRoot = "";
			targets = (
				3D55D5A01E56CEA3005F7AE1 /* SharingTutorial Swift */,
			);
		};
/* End PBXProject section */

/* Begin PBXResourcesBuildPhase section */
		3D55D59F1E56CEA3005F7AE1 /* Resources */ = {
			isa = PBXResourcesBuildPhase;
			buildActionMask = 2147483647;
			files = (
				3D55D5AF1E56CEA3005F7AE1 /* LaunchScreen.storyboard in Resources */,
				3D55D5BA1E56DFD9005F7AE1 /* mercury_450_ko.jpg in Resources */,
				3D55D5BB1E56DFD9005F7AE1 /* mercury_640_ko.png in Resources */,
				3D55D5BC1E56DFD9005F7AE1 /* mercury_960_ko.jpg in Resources */,
				3D55D5AC1E56CEA3005F7AE1 /* Assets.xcassets in Resources */,
				3D55D5BF1E5A9132005F7AE1 /* mp4sample.mp4 in Resources */,
				3D55D5AA1E56CEA3005F7AE1 /* Main.storyboard in Resources */,
			);
			runOnlyForDeploymentPostprocessing = 0;
		};
/* End PBXResourcesBuildPhase section */

/* Begin PBXSourcesBuildPhase section */
		3D55D59D1E56CEA3005F7AE1 /* Sources */ = {
			isa = PBXSourcesBuildPhase;
			buildActionMask = 2147483647;
			files = (
				3D55D5A71E56CEA3005F7AE1 /* ViewController.swift in Sources */,
				3D55D5A51E56CEA3005F7AE1 /* AppDelegate.swift in Sources */,
			);
			runOnlyForDeploymentPostprocessing = 0;
		};
/* End PBXSourcesBuildPhase section */

/* Begin PBXVariantGroup section */
		3D55D5A81E56CEA3005F7AE1 /* Main.storyboard */ = {
			isa = PBXVariantGroup;
			children = (
				3D55D5A91E56CEA3005F7AE1 /* Base */,
			);
			name = Main.storyboard;
			sourceTree = "<group>";
		};
		3D55D5AD1E56CEA3005F7AE1 /* LaunchScreen.storyboard */ = {
			isa = PBXVariantGroup;
			children = (
				3D55D5AE1E56CEA3005F7AE1 /* Base */,
			);
			name = LaunchScreen.storyboard;
			sourceTree = "<group>";
		};
/* End PBXVariantGroup section */

/* Begin XCBuildConfiguration section */
		3D55D5B11E56CEA3005F7AE1 /* Debug */ = {
			isa = XCBuildConfiguration;
			buildSettings = {
				ALWAYS_SEARCH_USER_PATHS = NO;
				CLANG_ANALYZER_NONNULL = YES;
				CLANG_CXX_LANGUAGE_STANDARD = "gnu++0x";
				CLANG_CXX_LIBRARY = "libc++";
				CLANG_ENABLE_MODULES = YES;
				CLANG_ENABLE_OBJC_ARC = YES;
				CLANG_WARN_BOOL_CONVERSION = YES;
				CLANG_WARN_CONSTANT_CONVERSION = YES;
				CLANG_WARN_DIRECT_OBJC_ISA_USAGE = YES_ERROR;
				CLANG_WARN_DOCUMENTATION_COMMENTS = YES;
				CLANG_WARN_EMPTY_BODY = YES;
				CLANG_WARN_ENUM_CONVERSION = YES;
				CLANG_WARN_INFINITE_RECURSION = YES;
				CLANG_WARN_INT_CONVERSION = YES;
				CLANG_WARN_OBJC_ROOT_CLASS = YES_ERROR;
				CLANG_WARN_SUSPICIOUS_MOVE = YES;
				CLANG_WARN_UNREACHABLE_CODE = YES;
				CLANG_WARN__DUPLICATE_METHOD_MATCH = YES;
				"CODE_SIGN_IDENTITY[sdk=iphoneos*]" = "iPhone Developer";
				COPY_PHASE_STRIP = NO;
				DEBUG_INFORMATION_FORMAT = dwarf;
				ENABLE_STRICT_OBJC_MSGSEND = YES;
				ENABLE_TESTABILITY = YES;
				GCC_C_LANGUAGE_STANDARD = gnu99;
				GCC_DYNAMIC_NO_PIC = NO;
				GCC_NO_COMMON_BLOCKS = YES;
				GCC_OPTIMIZATION_LEVEL = 0;
				GCC_PREPROCESSOR_DEFINITIONS = (
					"DEBUG=1",
					"$(inherited)",
				);
				GCC_WARN_64_TO_32_BIT_CONVERSION = YES;
				GCC_WARN_ABOUT_RETURN_TYPE = YES_ERROR;
				GCC_WARN_UNDECLARED_SELECTOR = YES;
				GCC_WARN_UNINITIALIZED_AUTOS = YES_AGGRESSIVE;
				GCC_WARN_UNUSED_FUNCTION = YES;
				GCC_WARN_UNUSED_VARIABLE = YES;
				IPHONEOS_DEPLOYMENT_TARGET = 10.2;
				MTL_ENABLE_DEBUG_INFO = YES;
				ONLY_ACTIVE_ARCH = YES;
				SDKROOT = iphoneos;
				SWIFT_ACTIVE_COMPILATION_CONDITIONS = DEBUG;
				SWIFT_OPTIMIZATION_LEVEL = "-Onone";
				TARGETED_DEVICE_FAMILY = "1,2";
			};
			name = Debug;
		};
		3D55D5B21E56CEA3005F7AE1 /* Release */ = {
			isa = XCBuildConfiguration;
			buildSettings = {
				ALWAYS_SEARCH_USER_PATHS = NO;
				CLANG_ANALYZER_NONNULL = YES;
				CLANG_CXX_LANGUAGE_STANDARD = "gnu++0x";
				CLANG_CXX_LIBRARY = "libc++";
				CLANG_ENABLE_MODULES = YES;
				CLANG_ENABLE_OBJC_ARC = YES;
				CLANG_WARN_BOOL_CONVERSION = YES;
				CLANG_WARN_CONSTANT_CONVERSION = YES;
				CLANG_WARN_DIRECT_OBJC_ISA_USAGE = YES_ERROR;
				CLANG_WARN_DOCUMENTATION_COMMENTS = YES;
				CLANG_WARN_EMPTY_BODY = YES;
				CLANG_WARN_ENUM_CONVERSION = YES;
				CLANG_WARN_INFINITE_RECURSION = YES;
				CLANG_WARN_INT_CONVERSION = YES;
				CLANG_WARN_OBJC_ROOT_CLASS = YES_ERROR;
				CLANG_WARN_SUSPICIOUS_MOVE = YES;
				CLANG_WARN_UNREACHABLE_CODE = YES;
				CLANG_WARN__DUPLICATE_METHOD_MATCH = YES;
				"CODE_SIGN_IDENTITY[sdk=iphoneos*]" = "iPhone Developer";
				COPY_PHASE_STRIP = NO;
				DEBUG_INFORMATION_FORMAT = "dwarf-with-dsym";
				ENABLE_NS_ASSERTIONS = NO;
				ENABLE_STRICT_OBJC_MSGSEND = YES;
				GCC_C_LANGUAGE_STANDARD = gnu99;
				GCC_NO_COMMON_BLOCKS = YES;
				GCC_WARN_64_TO_32_BIT_CONVERSION = YES;
				GCC_WARN_ABOUT_RETURN_TYPE = YES_ERROR;
				GCC_WARN_UNDECLARED_SELECTOR = YES;
				GCC_WARN_UNINITIALIZED_AUTOS = YES_AGGRESSIVE;
				GCC_WARN_UNUSED_FUNCTION = YES;
				GCC_WARN_UNUSED_VARIABLE = YES;
				IPHONEOS_DEPLOYMENT_TARGET = 10.2;
				MTL_ENABLE_DEBUG_INFO = NO;
				SDKROOT = iphoneos;
				SWIFT_OPTIMIZATION_LEVEL = "-Owholemodule";
				TARGETED_DEVICE_FAMILY = "1,2";
				VALIDATE_PRODUCT = YES;
			};
			name = Release;
		};
		3D55D5B41E56CEA3005F7AE1 /* Debug */ = {
			isa = XCBuildConfiguration;
			buildSettings = {
				ASSETCATALOG_COMPILER_APPICON_NAME = AppIcon;
				DEVELOPMENT_TEAM = MMVTCXSS58;
				INFOPLIST_FILE = "SharingTutorial Swift/Info.plist";
				IPHONEOS_DEPLOYMENT_TARGET = 7.0;
				LD_RUNPATH_SEARCH_PATHS = "$(inherited) @executable_path/Frameworks";
				PRODUCT_BUNDLE_IDENTIFIER = "com.gcp.test.SharingTutorial-Swift";
				PRODUCT_NAME = "$(TARGET_NAME)";
				SWIFT_VERSION = 3.0;
			};
			name = Debug;
		};
		3D55D5B51E56CEA3005F7AE1 /* Release */ = {
			isa = XCBuildConfiguration;
			buildSettings = {
				ASSETCATALOG_COMPILER_APPICON_NAME = AppIcon;
				DEVELOPMENT_TEAM = MMVTCXSS58;
				INFOPLIST_FILE = "SharingTutorial Swift/Info.plist";
				IPHONEOS_DEPLOYMENT_TARGET = 7.0;
				LD_RUNPATH_SEARCH_PATHS = "$(inherited) @executable_path/Frameworks";
				PRODUCT_BUNDLE_IDENTIFIER = "com.gcp.test.SharingTutorial-Swift";
				PRODUCT_NAME = "$(TARGET_NAME)";
				SWIFT_VERSION = 3.0;
			};
			name = Release;
		};
/* End XCBuildConfiguration section */

/* Begin XCConfigurationList section */
		3D55D59C1E56CEA3005F7AE1 /* Build configuration list for PBXProject "SharingTutorial Swift" */ = {
			isa = XCConfigurationList;
			buildConfigurations = (
				3D55D5B11E56CEA3005F7AE1 /* Debug */,
				3D55D5B21E56CEA3005F7AE1 /* Release */,
			);
			defaultConfigurationIsVisible = 0;
			defaultConfigurationName = Release;
		};
		3D55D5B31E56CEA3005F7AE1 /* Build configuration list for PBXNativeTarget "SharingTutorial Swift" */ = {
			isa = XCConfigurationList;
			buildConfigurations = (
				3D55D5B41E56CEA3005F7AE1 /* Debug */,
				3D55D5B51E56CEA3005F7AE1 /* Release */,
			);
			defaultConfigurationIsVisible = 0;
			defaultConfigurationName = Release;
		};
/* End XCConfigurationList section */
	};
	rootObject = 3D55D5991E56CEA3005F7AE1 /* Project object */;
}
